
Microsoft Visual Studio Solution File, Format Version 12.00
# Visual Studio Version 16
VisualStudioVersion = 16.0.29806.167
MinimumVisualStudioVersion = 10.0.40219.1
Project("{8BC9CEB8-8B4A-11D0-8D11-00A0C91BC942}") = "Project76", "Project76\Project76.vcxproj", "{749A4130-8AED-4F97-8BBC-B3EC8BC5630A}"
EndProject
Global
	GlobalSection(SolutionConfigurationPlatforms) = preSolution
		Debug|x64 = Debug|x64
		Debug|x86 = Debug|x86
		Release|x64 = Release|x64
		Release|x86 = Release|x86
	EndGlobalSection
	GlobalSection(ProjectConfigurationPlatforms) = postSolution
		{749A4130-8AED-4F97-8BBC-B3EC8BC5630A}.Debug|x64.ActiveCfg = Debug|x64
		{749A4130-8AED-4F97-8BBC-B3EC8BC5630A}.Debug|x64.Build.0 = Debug|x64
		{749A4130-8AED-4F97-8BBC-B3EC8BC5630A}.Debug|x86.ActiveCfg = Debug|Win32
		{749A4130-8AED-4F97-8BBC-B3EC8BC5630A}.Debug|x86.Build.0 = Debug|Win32
		{749A4130-8AED-4F97-8BBC-B3EC8BC5630A}.Release|x64.ActiveCfg = Release|x64
		{749A4130-8AED-4F97-8BBC-B3EC8BC5630A}.Release|x64.Build.0 = Release|x64
		{749A4130-8AED-4F97-8BBC-B3EC8BC5630A}.Release|x86.ActiveCfg = Release|Win32
		{749A4130-8AED-4F97-8BBC-B3EC8BC5630A}.Release|x86.Build.0 = Release|Win32
	EndGlobalSection
	GlobalSection(SolutionProperties) = preSolution
		HideSolutionNode = FALSE
	EndGlobalSection
	GlobalSection(ExtensibilityGlobals) = postSolution
		SolutionGuid = {1BC122CD-544C-4834-B36C-5224EF69B33C}
	EndGlobalSection
EndGlobal
